
Microsoft Visual Studio Solution File, Format Version 12.00
# Visual Studio Version 17
VisualStudioVersion = 17.14.36212.18 d17.14
MinimumVisualStudioVersion = 10.0.40219.1
Project("{FAE04EC0-301F-11D3-BF4B-00C04F79EFBC}") = "ConsoleApp1", "ConsoleApp1\ConsoleApp1.csproj", "{C71F243F-489A-479E-A649-F0C9B2269961}"
EndProject
Project("{FAE04EC0-301F-11D3-BF4B-00C04F79EFBC}") = "winform", "winform\winform.csproj", "{77401EAC-B06A-443E-8CC5-A45B77B969B0}"
EndProject
Global
	GlobalSection(SolutionConfigurationPlatforms) = preSolution
		Debug|Any CPU = Debug|Any CPU
		Release|Any CPU = Release|Any CPU
	EndGlobalSection
	GlobalSection(ProjectConfigurationPlatforms) = postSolution
		{C71F243F-489A-479E-A649-F0C9B2269961}.Debug|Any CPU.ActiveCfg = Debug|Any CPU
		{C71F243F-489A-479E-A649-F0C9B2269961}.Debug|Any CPU.Build.0 = Debug|Any CPU
		{C71F243F-489A-479E-A649-F0C9B2269961}.Release|Any CPU.ActiveCfg = Release|Any CPU
		{C71F243F-489A-479E-A649-F0C9B2269961}.Release|Any CPU.Build.0 = Release|Any CPU
		{77401EAC-B06A-443E-8CC5-A45B77B969B0}.Debug|Any CPU.ActiveCfg = Debug|Any CPU
		{77401EAC-B06A-443E-8CC5-A45B77B969B0}.Debug|Any CPU.Build.0 = Debug|Any CPU
		{77401EAC-B06A-443E-8CC5-A45B77B969B0}.Release|Any CPU.ActiveCfg = Release|Any CPU
		{77401EAC-B06A-443E-8CC5-A45B77B969B0}.Release|Any CPU.Build.0 = Release|Any CPU
	EndGlobalSection
	GlobalSection(SolutionProperties) = preSolution
		HideSolutionNode = FALSE
	EndGlobalSection
	GlobalSection(ExtensibilityGlobals) = postSolution
		SolutionGuid = {22CE33C2-A617-4486-BADF-C904EB7CE595}
	EndGlobalSection
EndGlobal
